
Microsoft Visual Studio Solution File, Format Version 12.00
# Visual Studio Version 17
VisualStudioVersion = 17.14.36301.6 d17.14
MinimumVisualStudioVersion = 10.0.40219.1
Project("{FAE04EC0-301F-11D3-BF4B-00C04F79EFBC}") = "numerodelunoalcien", "numerodelunoalcien\numerodelunoalcien.csproj", "{2BBA69B6-A4D8-459E-AED3-2D96E6083B4F}"
EndProject
Global
	GlobalSection(SolutionConfigurationPlatforms) = preSolution
		Debug|Any CPU = Debug|Any CPU
		Release|Any CPU = Release|Any CPU
	EndGlobalSection
	GlobalSection(ProjectConfigurationPlatforms) = postSolution
		{2BBA69B6-A4D8-459E-AED3-2D96E6083B4F}.Debug|Any CPU.ActiveCfg = Debug|Any CPU
		{2BBA69B6-A4D8-459E-AED3-2D96E6083B4F}.Debug|Any CPU.Build.0 = Debug|Any CPU
		{2BBA69B6-A4D8-459E-AED3-2D96E6083B4F}.Debug|Any CPU.Deploy.0 = Debug|Any CPU
		{2BBA69B6-A4D8-459E-AED3-2D96E6083B4F}.Release|Any CPU.ActiveCfg = Release|Any CPU
		{2BBA69B6-A4D8-459E-AED3-2D96E6083B4F}.Release|Any CPU.Build.0 = Release|Any CPU
		{2BBA69B6-A4D8-459E-AED3-2D96E6083B4F}.Release|Any CPU.Deploy.0 = Release|Any CPU
	EndGlobalSection
	GlobalSection(SolutionProperties) = preSolution
		HideSolutionNode = FALSE
	EndGlobalSection
	GlobalSection(ExtensibilityGlobals) = postSolution
		SolutionGuid = {6F5A4522-F4C2-447A-96F3-C4C7F1E58611}
	EndGlobalSection
EndGlobal
